
Microsoft Visual Studio Solution File, Format Version 12.00
# Visual Studio Version 17
VisualStudioVersion = 17.0.32014.148
MinimumVisualStudioVersion = 10.0.40219.1
Project("{9A19103F-16F7-4668-BE54-9A1E7A4F7556}") = "GL_PROJ", "GL_PROJ.csproj", "{56CC45B8-3B6D-4AEA-82BC-9F88750E3277}"
EndProject
Global
	GlobalSection(SolutionConfigurationPlatforms) = preSolution
		Debug|Any CPU = Debug|Any CPU
		Release|Any CPU = Release|Any CPU
	EndGlobalSection
	GlobalSection(ProjectConfigurationPlatforms) = postSolution
		{56CC45B8-3B6D-4AEA-82BC-9F88750E3277}.Debug|Any CPU.ActiveCfg = Debug|Any CPU
		{56CC45B8-3B6D-4AEA-82BC-9F88750E3277}.Debug|Any CPU.Build.0 = Debug|Any CPU
		{56CC45B8-3B6D-4AEA-82BC-9F88750E3277}.Release|Any CPU.ActiveCfg = Release|Any CPU
		{56CC45B8-3B6D-4AEA-82BC-9F88750E3277}.Release|Any CPU.Build.0 = Release|Any CPU
	EndGlobalSection
	GlobalSection(SolutionProperties) = preSolution
		HideSolutionNode = FALSE
	EndGlobalSection
	GlobalSection(ExtensibilityGlobals) = postSolution
		SolutionGuid = {B4F6C6A7-F837-4C0A-8F1A-4DD2E7DC5346}
	EndGlobalSection
EndGlobal
