
Microsoft Visual Studio Solution File, Format Version 12.00
# Visual Studio Version 17
VisualStudioVersion = 17.0.32014.148
MinimumVisualStudioVersion = 10.0.40219.1
Project("{FAE04EC0-301F-11D3-BF4B-00C04F79EFBC}") = "GL_MSG", "GL_MSG\GL_MSG.csproj", "{A7FD3517-879A-4834-9E11-182906733682}"
EndProject
Global
	GlobalSection(SolutionConfigurationPlatforms) = preSolution
		Debug|Any CPU = Debug|Any CPU
		Release|Any CPU = Release|Any CPU
	EndGlobalSection
	GlobalSection(ProjectConfigurationPlatforms) = postSolution
		{A7FD3517-879A-4834-9E11-182906733682}.Debug|Any CPU.ActiveCfg = Debug|Any CPU
		{A7FD3517-879A-4834-9E11-182906733682}.Debug|Any CPU.Build.0 = Debug|Any CPU
		{A7FD3517-879A-4834-9E11-182906733682}.Release|Any CPU.ActiveCfg = Release|Any CPU
		{A7FD3517-879A-4834-9E11-182906733682}.Release|Any CPU.Build.0 = Release|Any CPU
	EndGlobalSection
	GlobalSection(SolutionProperties) = preSolution
		HideSolutionNode = FALSE
	EndGlobalSection
	GlobalSection(ExtensibilityGlobals) = postSolution
		SolutionGuid = {A07A6538-E2E4-48BD-A299-7A60904BA3DE}
	EndGlobalSection
EndGlobal
